// !$*UTF8*$!
{
	archiveVersion = 1;
	classes = {
	};
	objectVersion = 46;
	objects = {

/* Begin PBXBuildFile section */
		0822E02B19D39FB400427263 /* Album.swift in Sources */ = {isa = PBXBuildFile; fileRef = 0822E02A19D39FB400427263 /* Album.swift */; };
		08F914C319D4AA170083BD76 /* CustomTableViewCell.swift in Sources */ = {isa = PBXBuildFile; fileRef = 08F914C219D4AA170083BD76 /* CustomTableViewCell.swift */; };
		9A13716519D1D0F3005D9258 /* AppDelegate.swift in Sources */ = {isa = PBXBuildFile; fileRef = 9A13716419D1D0F3005D9258 /* AppDelegate.swift */; };
		9A13716719D1D0F3005D9258 /* Images.xcassets in Resources */ = {isa = PBXBuildFile; fileRef = 9A13716619D1D0F3005D9258 /* Images.xcassets */; };
		9A13716A19D1D0F3005D9258 /* LaunchScreen.xib in Resources */ = {isa = PBXBuildFile; fileRef = 9A13716819D1D0F3005D9258 /* LaunchScreen.xib */; };
		9A13717619D1D0F3005D9258 /* JsonTableViewSwiftTests.swift in Sources */ = {isa = PBXBuildFile; fileRef = 9A13717519D1D0F3005D9258 /* JsonTableViewSwiftTests.swift */; };
		9A13718319D1D1C6005D9258 /* Alamofire.swift in Sources */ = {isa = PBXBuildFile; fileRef = 9A13718119D1D1C6005D9258 /* Alamofire.swift */; };
		9A13718419D1D1C6005D9258 /* Info.plist in Resources */ = {isa = PBXBuildFile; fileRef = 9A13718219D1D1C6005D9258 /* Info.plist */; };
		9A13718619D1D201005D9258 /* TableView.swift in Sources */ = {isa = PBXBuildFile; fileRef = 9A13718519D1D201005D9258 /* TableView.swift */; };
/* End PBXBuildFile section */

/* Begin PBXContainerItemProxy section */
		9A13717019D1D0F3005D9258 /* PBXContainerItemProxy */ = {
			isa = PBXContainerItemProxy;
			containerPortal = 9A13715719D1D0F3005D9258 /* Project object */;
			proxyType = 1;
			remoteGlobalIDString = 9A13715E19D1D0F3005D9258;
			remoteInfo = JsonTableViewSwift;
		};
/* End PBXContainerItemProxy section */

/* Begin PBXFileReference section */
		0822E02A19D39FB400427263 /* Album.swift */ = {isa = PBXFileReference; fileEncoding = 4; lastKnownFileType = sourcecode.swift; path = Album.swift; sourceTree = "<group>"; };
		08F914C219D4AA170083BD76 /* CustomTableViewCell.swift */ = {isa = PBXFileReference; fileEncoding = 4; lastKnownFileType = sourcecode.swift; path = CustomTableViewCell.swift; sourceTree = "<group>"; };
		9A13715F19D1D0F3005D9258 /* JsonTableViewSwift.app */ = {isa = PBXFileReference; explicitFileType = wrapper.application; includeInIndex = 0; path = JsonTableViewSwift.app; sourceTree = BUILT_PRODUCTS_DIR; };
		9A13716319D1D0F3005D9258 /* Info.plist */ = {isa = PBXFileReference; lastKnownFileType = text.plist.xml; path = Info.plist; sourceTree = "<group>"; };
		9A13716419D1D0F3005D9258 /* AppDelegate.swift */ = {isa = PBXFileReference; lastKnownFileType = sourcecode.swift; path = AppDelegate.swift; sourceTree = "<group>"; };
		9A13716619D1D0F3005D9258 /* Images.xcassets */ = {isa = PBXFileReference; lastKnownFileType = folder.assetcatalog; path = Images.xcassets; sourceTree = "<group>"; };
		9A13716919D1D0F3005D9258 /* Base */ = {isa = PBXFileReference; lastKnownFileType = file.xib; name = Base; path = Base.lproj/LaunchScreen.xib; sourceTree = "<group>"; };
		9A13716F19D1D0F3005D9258 /* JsonTableViewSwiftTests.xctest */ = {isa = PBXFileReference; explicitFileType = wrapper.cfbundle; includeInIndex = 0; path = JsonTableViewSwiftTests.xctest; sourceTree = BUILT_PRODUCTS_DIR; };
		9A13717419D1D0F3005D9258 /* Info.plist */ = {isa = PBXFileReference; lastKnownFileType = text.plist.xml; path = Info.plist; sourceTree = "<group>"; };
		9A13717519D1D0F3005D9258 /* JsonTableViewSwiftTests.swift */ = {isa = PBXFileReference; lastKnownFileType = sourcecode.swift; path = JsonTableViewSwiftTests.swift; sourceTree = "<group>"; };
		9A13718019D1D1C6005D9258 /* Alamofire.h */ = {isa = PBXFileReference; fileEncoding = 4; lastKnownFileType = sourcecode.c.h; path = Alamofire.h; sourceTree = "<group>"; };
		9A13718119D1D1C6005D9258 /* Alamofire.swift */ = {isa = PBXFileReference; fileEncoding = 4; lastKnownFileType = sourcecode.swift; path = Alamofire.swift; sourceTree = "<group>"; };
		9A13718219D1D1C6005D9258 /* Info.plist */ = {isa = PBXFileReference; fileEncoding = 4; lastKnownFileType = text.plist.xml; path = Info.plist; sourceTree = "<group>"; };
		9A13718519D1D201005D9258 /* TableView.swift */ = {isa = PBXFileReference; fileEncoding = 4; lastKnownFileType = sourcecode.swift; path = TableView.swift; sourceTree = "<group>"; };
/* End PBXFileReference section */

/* Begin PBXFrameworksBuildPhase section */
		9A13715C19D1D0F3005D9258 /* Frameworks */ = {
			isa = PBXFrameworksBuildPhase;
			buildActionMask = 2147483647;
			files = (
			);
			runOnlyForDeploymentPostprocessing = 0;
		};
		9A13716C19D1D0F3005D9258 /* Frameworks */ = {
			isa = PBXFrameworksBuildPhase;
			buildActionMask = 2147483647;
			files = (
			);
			runOnlyForDeploymentPostprocessing = 0;
		};
/* End PBXFrameworksBuildPhase section */

/* Begin PBXGroup section */
		9A13715619D1D0F3005D9258 = {
			isa = PBXGroup;
			children = (
				9A13716119D1D0F3005D9258 /* JsonTableViewSwift */,
				9A13717219D1D0F3005D9258 /* JsonTableViewSwiftTests */,
				9A13716019D1D0F3005D9258 /* Products */,
			);
			sourceTree = "<group>";
		};
		9A13716019D1D0F3005D9258 /* Products */ = {
			isa = PBXGroup;
			children = (
				9A13715F19D1D0F3005D9258 /* JsonTableViewSwift.app */,
				9A13716F19D1D0F3005D9258 /* JsonTableViewSwiftTests.xctest */,
			);
			name = Products;
			sourceTree = "<group>";
		};
		9A13716119D1D0F3005D9258 /* JsonTableViewSwift */ = {
			isa = PBXGroup;
			children = (
				9A13717F19D1D1C6005D9258 /* Alamofire */,
				9A13716419D1D0F3005D9258 /* AppDelegate.swift */,
				9A13718519D1D201005D9258 /* TableView.swift */,
				0822E02A19D39FB400427263 /* Album.swift */,
				08F914C219D4AA170083BD76 /* CustomTableViewCell.swift */,
				9A13716619D1D0F3005D9258 /* Images.xcassets */,
				9A13716819D1D0F3005D9258 /* LaunchScreen.xib */,
				9A13716219D1D0F3005D9258 /* Supporting Files */,
			);
			path = JsonTableViewSwift;
			sourceTree = "<group>";
		};
		9A13716219D1D0F3005D9258 /* Supporting Files */ = {
			isa = PBXGroup;
			children = (
				9A13716319D1D0F3005D9258 /* Info.plist */,
			);
			name = "Supporting Files";
			sourceTree = "<group>";
		};
		9A13717219D1D0F3005D9258 /* JsonTableViewSwiftTests */ = {
			isa = PBXGroup;
			children = (
				9A13717519D1D0F3005D9258 /* JsonTableViewSwiftTests.swift */,
				9A13717319D1D0F3005D9258 /* Supporting Files */,
			);
			path = JsonTableViewSwiftTests;
			sourceTree = "<group>";
		};
		9A13717319D1D0F3005D9258 /* Supporting Files */ = {
			isa = PBXGroup;
			children = (
				9A13717419D1D0F3005D9258 /* Info.plist */,
			);
			name = "Supporting Files";
			sourceTree = "<group>";
		};
		9A13717F19D1D1C6005D9258 /* Alamofire */ = {
			isa = PBXGroup;
			children = (
				9A13718019D1D1C6005D9258 /* Alamofire.h */,
				9A13718119D1D1C6005D9258 /* Alamofire.swift */,
				9A13718219D1D1C6005D9258 /* Info.plist */,
			);
			path = Alamofire;
			sourceTree = "<group>";
		};
/* End PBXGroup section */

/* Begin PBXNativeTarget section */
		9A13715E19D1D0F3005D9258 /* JsonTableViewSwift */ = {
			isa = PBXNativeTarget;
			buildConfigurationList = 9A13717919D1D0F3005D9258 /* Build configuration list for PBXNativeTarget "JsonTableViewSwift" */;
			buildPhases = (
				9A13715B19D1D0F3005D9258 /* Sources */,
				9A13715C19D1D0F3005D9258 /* Frameworks */,
				9A13715D19D1D0F3005D9258 /* Resources */,
			);
			buildRules = (
			);
			dependencies = (
			);
			name = JsonTableViewSwift;
			productName = JsonTableViewSwift;
			productReference = 9A13715F19D1D0F3005D9258 /* JsonTableViewSwift.app */;
			productType = "com.apple.product-type.application";
		};
		9A13716E19D1D0F3005D9258 /* JsonTableViewSwiftTests */ = {
			isa = PBXNativeTarget;
			buildConfigurationList = 9A13717C19D1D0F3005D9258 /* Build configuration list for PBXNativeTarget "JsonTableViewSwiftTests" */;
			buildPhases = (
				9A13716B19D1D0F3005D9258 /* Sources */,
				9A13716C19D1D0F3005D9258 /* Frameworks */,
				9A13716D19D1D0F3005D9258 /* Resources */,
			);
			buildRules = (
			);
			dependencies = (
				9A13717119D1D0F3005D9258 /* PBXTargetDependency */,
			);
			name = JsonTableViewSwiftTests;
			productName = JsonTableViewSwiftTests;
			productReference = 9A13716F19D1D0F3005D9258 /* JsonTableViewSwiftTests.xctest */;
			productType = "com.apple.product-type.bundle.unit-test";
		};
/* End PBXNativeTarget section */

/* Begin PBXProject section */
		9A13715719D1D0F3005D9258 /* Project object */ = {
			isa = PBXProject;
			attributes = {
				LastUpgradeCheck = 0600;
				ORGANIZATIONNAME = Gazolla;
				TargetAttributes = {
					9A13715E19D1D0F3005D9258 = {
						CreatedOnToolsVersion = 6.0.1;
					};
					9A13716E19D1D0F3005D9258 = {
						CreatedOnToolsVersion = 6.0.1;
						TestTargetID = 9A13715E19D1D0F3005D9258;
					};
				};
			};
			buildConfigurationList = 9A13715A19D1D0F3005D9258 /* Build configuration list for PBXProject "JsonTableViewSwift" */;
			compatibilityVersion = "Xcode 3.2";
			developmentRegion = English;
			hasScannedForEncodings = 0;
			knownRegions = (
				en,
				Base,
			);
			mainGroup = 9A13715619D1D0F3005D9258;
			productRefGroup = 9A13716019D1D0F3005D9258 /* Products */;
			projectDirPath = "";
			projectRoot = "";
			targets = (
				9A13715E19D1D0F3005D9258 /* JsonTableViewSwift */,
				9A13716E19D1D0F3005D9258 /* JsonTableViewSwiftTests */,
			);
		};
/* End PBXProject section */

/* Begin PBXResourcesBuildPhase section */
		9A13715D19D1D0F3005D9258 /* Resources */ = {
			isa = PBXResourcesBuildPhase;
			buildActionMask = 2147483647;
			files = (
				9A13716A19D1D0F3005D9258 /* LaunchScreen.xib in Resources */,
				9A13716719D1D0F3005D9258 /* Images.xcassets in Resources */,
				9A13718419D1D1C6005D9258 /* Info.plist in Resources */,
			);
			runOnlyForDeploymentPostprocessing = 0;
		};
		9A13716D19D1D0F3005D9258 /* Resources */ = {
			isa = PBXResourcesBuildPhase;
			buildActionMask = 2147483647;
			files = (
			);
			runOnlyForDeploymentPostprocessing = 0;
		};
/* End PBXResourcesBuildPhase section */

/* Begin PBXSourcesBuildPhase section */
		9A13715B19D1D0F3005D9258 /* Sources */ = {
			isa = PBXSourcesBuildPhase;
			buildActionMask = 2147483647;
			files = (
				9A13718319D1D1C6005D9258 /* Alamofire.swift in Sources */,
				08F914C319D4AA170083BD76 /* CustomTableViewCell.swift in Sources */,
				9A13718619D1D201005D9258 /* TableView.swift in Sources */,
				9A13716519D1D0F3005D9258 /* AppDelegate.swift in Sources */,
				0822E02B19D39FB400427263 /* Album.swift in Sources */,
			);
			runOnlyForDeploymentPostprocessing = 0;
		};
		9A13716B19D1D0F3005D9258 /* Sources */ = {
			isa = PBXSourcesBuildPhase;
			buildActionMask = 2147483647;
			files = (
				9A13717619D1D0F3005D9258 /* JsonTableViewSwiftTests.swift in Sources */,
			);
			runOnlyForDeploymentPostprocessing = 0;
		};
/* End PBXSourcesBuildPhase section */

/* Begin PBXTargetDependency section */
		9A13717119D1D0F3005D9258 /* PBXTargetDependency */ = {
			isa = PBXTargetDependency;
			target = 9A13715E19D1D0F3005D9258 /* JsonTableViewSwift */;
			targetProxy = 9A13717019D1D0F3005D9258 /* PBXContainerItemProxy */;
		};
/* End PBXTargetDependency section */

/* Begin PBXVariantGroup section */
		9A13716819D1D0F3005D9258 /* LaunchScreen.xib */ = {
			isa = PBXVariantGroup;
			children = (
				9A13716919D1D0F3005D9258 /* Base */,
			);
			name = LaunchScreen.xib;
			sourceTree = "<group>";
		};
/* End PBXVariantGroup section */

/* Begin XCBuildConfiguration section */
		9A13717719D1D0F3005D9258 /* Debug */ = {
			isa = XCBuildConfiguration;
			buildSettings = {
				ALWAYS_SEARCH_USER_PATHS = NO;
				CLANG_CXX_LANGUAGE_STANDARD = "gnu++0x";
				CLANG_CXX_LIBRARY = "libc++";
				CLANG_ENABLE_MODULES = YES;
				CLANG_ENABLE_OBJC_ARC = YES;
				CLANG_WARN_BOOL_CONVERSION = YES;
				CLANG_WARN_CONSTANT_CONVERSION = YES;
				CLANG_WARN_DIRECT_OBJC_ISA_USAGE = YES_ERROR;
				CLANG_WARN_EMPTY_BODY = YES;
				CLANG_WARN_ENUM_CONVERSION = YES;
				CLANG_WARN_INT_CONVERSION = YES;
				CLANG_WARN_OBJC_ROOT_CLASS = YES_ERROR;
				CLANG_WARN_UNREACHABLE_CODE = YES;
				CLANG_WARN__DUPLICATE_METHOD_MATCH = YES;
				"CODE_SIGN_IDENTITY[sdk=iphoneos*]" = "iPhone Developer";
				COPY_PHASE_STRIP = NO;
				ENABLE_STRICT_OBJC_MSGSEND = YES;
				GCC_C_LANGUAGE_STANDARD = gnu99;
				GCC_DYNAMIC_NO_PIC = NO;
				GCC_OPTIMIZATION_LEVEL = 0;
				GCC_PREPROCESSOR_DEFINITIONS = (
					"DEBUG=1",
					"$(inherited)",
				);
				GCC_SYMBOLS_PRIVATE_EXTERN = NO;
				GCC_WARN_64_TO_32_BIT_CONVERSION = YES;
				GCC_WARN_ABOUT_RETURN_TYPE = YES_ERROR;
				GCC_WARN_UNDECLARED_SELECTOR = YES;
				GCC_WARN_UNINITIALIZED_AUTOS = YES_AGGRESSIVE;
				GCC_WARN_UNUSED_FUNCTION = YES;
				GCC_WARN_UNUSED_VARIABLE = YES;
				IPHONEOS_DEPLOYMENT_TARGET = 8.0;
				MTL_ENABLE_DEBUG_INFO = YES;
				ONLY_ACTIVE_ARCH = YES;
				SDKROOT = iphoneos;
				SWIFT_OPTIMIZATION_LEVEL = "-Onone";
			};
			name = Debug;
		};
		9A13717819D1D0F3005D9258 /* Release */ = {
			isa = XCBuildConfiguration;
			buildSettings = {
				ALWAYS_SEARCH_USER_PATHS = NO;
				CLANG_CXX_LANGUAGE_STANDARD = "gnu++0x";
				CLANG_CXX_LIBRARY = "libc++";
				CLANG_ENABLE_MODULES = YES;
				CLANG_ENABLE_OBJC_ARC = YES;
				CLANG_WARN_BOOL_CONVERSION = YES;
				CLANG_WARN_CONSTANT_CONVERSION = YES;
				CLANG_WARN_DIRECT_OBJC_ISA_USAGE = YES_ERROR;
				CLANG_WARN_EMPTY_BODY = YES;
				CLANG_WARN_ENUM_CONVERSION = YES;
				CLANG_WARN_INT_CONVERSION = YES;
				CLANG_WARN_OBJC_ROOT_CLASS = YES_ERROR;
				CLANG_WARN_UNREACHABLE_CODE = YES;
				CLANG_WARN__DUPLICATE_METHOD_MATCH = YES;
				"CODE_SIGN_IDENTITY[sdk=iphoneos*]" = "iPhone Developer";
				COPY_PHASE_STRIP = YES;
				ENABLE_NS_ASSERTIONS = NO;
				ENABLE_STRICT_OBJC_MSGSEND = YES;
				GCC_C_LANGUAGE_STANDARD = gnu99;
				GCC_WARN_64_TO_32_BIT_CONVERSION = YES;
				GCC_WARN_ABOUT_RETURN_TYPE = YES_ERROR;
				GCC_WARN_UNDECLARED_SELECTOR = YES;
				GCC_WARN_UNINITIALIZED_AUTOS = YES_AGGRESSIVE;
				GCC_WARN_UNUSED_FUNCTION = YES;
				GCC_WARN_UNUSED_VARIABLE = YES;
				IPHONEOS_DEPLOYMENT_TARGET = 8.0;
				MTL_ENABLE_DEBUG_INFO = NO;
				SDKROOT = iphoneos;
				VALIDATE_PRODUCT = YES;
			};
			name = Release;
		};
		9A13717A19D1D0F3005D9258 /* Debug */ = {
			isa = XCBuildConfiguration;
			buildSettings = {
				ASSETCATALOG_COMPILER_APPICON_NAME = AppIcon;
				INFOPLIST_FILE = JsonTableViewSwift/Info.plist;
				LD_RUNPATH_SEARCH_PATHS = "$(inherited) @executable_path/Frameworks";
				PRODUCT_NAME = "$(TARGET_NAME)";
			};
			name = Debug;
		};
		9A13717B19D1D0F3005D9258 /* Release */ = {
			isa = XCBuildConfiguration;
			buildSettings = {
				ASSETCATALOG_COMPILER_APPICON_NAME = AppIcon;
				INFOPLIST_FILE = JsonTableViewSwift/Info.plist;
				LD_RUNPATH_SEARCH_PATHS = "$(inherited) @executable_path/Frameworks";
				PRODUCT_NAME = "$(TARGET_NAME)";
			};
			name = Release;
		};
		9A13717D19D1D0F3005D9258 /* Debug */ = {
			isa = XCBuildConfiguration;
			buildSettings = {
				BUNDLE_LOADER = "$(TEST_HOST)";
				FRAMEWORK_SEARCH_PATHS = (
					"$(SDKROOT)/Developer/Library/Frameworks",
					"$(inherited)",
				);
				GCC_PREPROCESSOR_DEFINITIONS = (
					"DEBUG=1",
					"$(inherited)",
				);
				INFOPLIST_FILE = JsonTableViewSwiftTests/Info.plist;
				LD_RUNPATH_SEARCH_PATHS = "$(inherited) @executable_path/Frameworks @loader_path/Frameworks";
				PRODUCT_NAME = "$(TARGET_NAME)";
				TEST_HOST = "$(BUILT_PRODUCTS_DIR)/JsonTableViewSwift.app/JsonTableViewSwift";
			};
			name = Debug;
		};
		9A13717E19D1D0F3005D9258 /* Release */ = {
			isa = XCBuildConfiguration;
			buildSettings = {
				BUNDLE_LOADER = "$(TEST_HOST)";
				FRAMEWORK_SEARCH_PATHS = (
					"$(SDKROOT)/Developer/Library/Frameworks",
					"$(inherited)",
				);
				INFOPLIST_FILE = JsonTableViewSwiftTests/Info.plist;
				LD_RUNPATH_SEARCH_PATHS = "$(inherited) @executable_path/Frameworks @loader_path/Frameworks";
				PRODUCT_NAME = "$(TARGET_NAME)";
				TEST_HOST = "$(BUILT_PRODUCTS_DIR)/JsonTableViewSwift.app/JsonTableViewSwift";
			};
			name = Release;
		};
/* End XCBuildConfiguration section */

/* Begin XCConfigurationList section */
		9A13715A19D1D0F3005D9258 /* Build configuration list for PBXProject "JsonTableViewSwift" */ = {
			isa = XCConfigurationList;
			buildConfigurations = (
				9A13717719D1D0F3005D9258 /* Debug */,
				9A13717819D1D0F3005D9258 /* Release */,
			);
			defaultConfigurationIsVisible = 0;
			defaultConfigurationName = Release;
		};
		9A13717919D1D0F3005D9258 /* Build configuration list for PBXNativeTarget "JsonTableViewSwift" */ = {
			isa = XCConfigurationList;
			buildConfigurations = (
				9A13717A19D1D0F3005D9258 /* Debug */,
				9A13717B19D1D0F3005D9258 /* Release */,
			);
			defaultConfigurationIsVisible = 0;
			defaultConfigurationName = Release;
		};
		9A13717C19D1D0F3005D9258 /* Build configuration list for PBXNativeTarget "JsonTableViewSwiftTests" */ = {
			isa = XCConfigurationList;
			buildConfigurations = (
				9A13717D19D1D0F3005D9258 /* Debug */,
				9A13717E19D1D0F3005D9258 /* Release */,
			);
			defaultConfigurationIsVisible = 0;
			defaultConfigurationName = Release;
		};
/* End XCConfigurationList section */
	};
	rootObject = 9A13715719D1D0F3005D9258 /* Project object */;
}
